
Microsoft Visual Studio Solution File, Format Version 12.00
# Visual Studio Version 17
VisualStudioVersion = 17.5.33502.453
MinimumVisualStudioVersion = 10.0.40219.1
Project("{FAE04EC0-301F-11D3-BF4B-00C04F79EFBC}") = "ChatGptCaller", "ChatGptCaller.csproj", "{20A897CD-7653-4323-8A96-4D44CEB99F90}"
EndProject
Global
	GlobalSection(SolutionConfigurationPlatforms) = preSolution
		Debug|Any CPU = Debug|Any CPU
		Release|Any CPU = Release|Any CPU
	EndGlobalSection
	GlobalSection(ProjectConfigurationPlatforms) = postSolution
		{20A897CD-7653-4323-8A96-4D44CEB99F90}.Debug|Any CPU.ActiveCfg = Debug|Any CPU
		{20A897CD-7653-4323-8A96-4D44CEB99F90}.Debug|Any CPU.Build.0 = Debug|Any CPU
		{20A897CD-7653-4323-8A96-4D44CEB99F90}.Release|Any CPU.ActiveCfg = Release|Any CPU
		{20A897CD-7653-4323-8A96-4D44CEB99F90}.Release|Any CPU.Build.0 = Release|Any CPU
	EndGlobalSection
	GlobalSection(SolutionProperties) = preSolution
		HideSolutionNode = FALSE
	EndGlobalSection
	GlobalSection(ExtensibilityGlobals) = postSolution
		SolutionGuid = {E6CF9C5A-49EE-4EDB-85C4-77FA07CEF2E5}
	EndGlobalSection
EndGlobal
